
Microsoft Visual Studio Solution File, Format Version 12.00
# Visual Studio Version 17
VisualStudioVersion = 17.7.34031.279
MinimumVisualStudioVersion = 10.0.40219.1
Project("{FAE04EC0-301F-11D3-BF4B-00C04F79EFBC}") = "otomasyon", "otomasyon\otomasyon.csproj", "{CC996C17-69FE-41C1-9797-84CC7A207CA1}"
EndProject
Global
	GlobalSection(SolutionConfigurationPlatforms) = preSolution
		Debug|Any CPU = Debug|Any CPU
		Release|Any CPU = Release|Any CPU
	EndGlobalSection
	GlobalSection(ProjectConfigurationPlatforms) = postSolution
		{CC996C17-69FE-41C1-9797-84CC7A207CA1}.Debug|Any CPU.ActiveCfg = Debug|Any CPU
		{CC996C17-69FE-41C1-9797-84CC7A207CA1}.Debug|Any CPU.Build.0 = Debug|Any CPU
		{CC996C17-69FE-41C1-9797-84CC7A207CA1}.Release|Any CPU.ActiveCfg = Release|Any CPU
		{CC996C17-69FE-41C1-9797-84CC7A207CA1}.Release|Any CPU.Build.0 = Release|Any CPU
	EndGlobalSection
	GlobalSection(SolutionProperties) = preSolution
		HideSolutionNode = FALSE
	EndGlobalSection
	GlobalSection(ExtensibilityGlobals) = postSolution
		SolutionGuid = {563FA55F-7914-4AAA-9A6C-C088AC7617FE}
	EndGlobalSection
EndGlobal
